
Microsoft Visual Studio Solution File, Format Version 12.00
# Visual Studio Version 17
VisualStudioVersion = 17.8.34322.80
MinimumVisualStudioVersion = 10.0.40219.1
Project("{9A19103F-16F7-4668-BE54-9A1E7A4F7556}") = "DelegatesC#", "DelegatesC#\DelegatesC#.csproj", "{81A5D22D-1825-4915-B9FF-1396FA9A06D2}"
EndProject
Project("{9A19103F-16F7-4668-BE54-9A1E7A4F7556}") = "Observer", "Observer\Observer.csproj", "{81619372-0FE2-48BE-A28E-19C37C9F6272}"
EndProject
Project("{9A19103F-16F7-4668-BE54-9A1E7A4F7556}") = "Calendar", "Calendar\Calendar.csproj", "{56328BF5-0F70-43B3-8E65-B33AAE631B5A}"
EndProject
Project("{FAE04EC0-301F-11D3-BF4B-00C04F79EFBC}") = "SocialNetwork", "SocialNetwork\SocialNetwork.csproj", "{7FDF9DBF-12C1-47D8-9648-59AD2ADD3B0F}"
EndProject
Global
	GlobalSection(SolutionConfigurationPlatforms) = preSolution
		Debug|Any CPU = Debug|Any CPU
		Release|Any CPU = Release|Any CPU
	EndGlobalSection
	GlobalSection(ProjectConfigurationPlatforms) = postSolution
		{81A5D22D-1825-4915-B9FF-1396FA9A06D2}.Debug|Any CPU.ActiveCfg = Debug|Any CPU
		{81A5D22D-1825-4915-B9FF-1396FA9A06D2}.Debug|Any CPU.Build.0 = Debug|Any CPU
		{81A5D22D-1825-4915-B9FF-1396FA9A06D2}.Release|Any CPU.ActiveCfg = Release|Any CPU
		{81A5D22D-1825-4915-B9FF-1396FA9A06D2}.Release|Any CPU.Build.0 = Release|Any CPU
		{81619372-0FE2-48BE-A28E-19C37C9F6272}.Debug|Any CPU.ActiveCfg = Debug|Any CPU
		{81619372-0FE2-48BE-A28E-19C37C9F6272}.Debug|Any CPU.Build.0 = Debug|Any CPU
		{81619372-0FE2-48BE-A28E-19C37C9F6272}.Release|Any CPU.ActiveCfg = Release|Any CPU
		{81619372-0FE2-48BE-A28E-19C37C9F6272}.Release|Any CPU.Build.0 = Release|Any CPU
		{56328BF5-0F70-43B3-8E65-B33AAE631B5A}.Debug|Any CPU.ActiveCfg = Debug|Any CPU
		{56328BF5-0F70-43B3-8E65-B33AAE631B5A}.Debug|Any CPU.Build.0 = Debug|Any CPU
		{56328BF5-0F70-43B3-8E65-B33AAE631B5A}.Release|Any CPU.ActiveCfg = Release|Any CPU
		{56328BF5-0F70-43B3-8E65-B33AAE631B5A}.Release|Any CPU.Build.0 = Release|Any CPU
		{7FDF9DBF-12C1-47D8-9648-59AD2ADD3B0F}.Debug|Any CPU.ActiveCfg = Debug|Any CPU
		{7FDF9DBF-12C1-47D8-9648-59AD2ADD3B0F}.Debug|Any CPU.Build.0 = Debug|Any CPU
		{7FDF9DBF-12C1-47D8-9648-59AD2ADD3B0F}.Release|Any CPU.ActiveCfg = Release|Any CPU
		{7FDF9DBF-12C1-47D8-9648-59AD2ADD3B0F}.Release|Any CPU.Build.0 = Release|Any CPU
	EndGlobalSection
	GlobalSection(SolutionProperties) = preSolution
		HideSolutionNode = FALSE
	EndGlobalSection
	GlobalSection(ExtensibilityGlobals) = postSolution
		SolutionGuid = {0F345E79-8C89-4888-ABC2-DA31FF19E7A7}
	EndGlobalSection
EndGlobal
